
Microsoft Visual Studio Solution File, Format Version 12.00
# Visual Studio 15
VisualStudioVersion = 15.0.27703.2042
MinimumVisualStudioVersion = 10.0.40219.1
Project("{8BC9CEB8-8B4A-11D0-8D11-00A0C91BC942}") = "Pathfinding", "Pathfinding\Pathfinding.vcxproj", "{5E4E3293-68EF-40C2-A0DC-E32E02F437CD}"
EndProject
Global
	GlobalSection(SolutionConfigurationPlatforms) = preSolution
		Debug|x64 = Debug|x64
		Debug|x86 = Debug|x86
		Release|x64 = Release|x64
		Release|x86 = Release|x86
	EndGlobalSection
	GlobalSection(ProjectConfigurationPlatforms) = postSolution
		{5E4E3293-68EF-40C2-A0DC-E32E02F437CD}.Debug|x64.ActiveCfg = Debug|x64
		{5E4E3293-68EF-40C2-A0DC-E32E02F437CD}.Debug|x64.Build.0 = Debug|x64
		{5E4E3293-68EF-40C2-A0DC-E32E02F437CD}.Debug|x86.ActiveCfg = Debug|Win32
		{5E4E3293-68EF-40C2-A0DC-E32E02F437CD}.Debug|x86.Build.0 = Debug|Win32
		{5E4E3293-68EF-40C2-A0DC-E32E02F437CD}.Release|x64.ActiveCfg = Release|x64
		{5E4E3293-68EF-40C2-A0DC-E32E02F437CD}.Release|x64.Build.0 = Release|x64
		{5E4E3293-68EF-40C2-A0DC-E32E02F437CD}.Release|x86.ActiveCfg = Release|Win32
		{5E4E3293-68EF-40C2-A0DC-E32E02F437CD}.Release|x86.Build.0 = Release|Win32
	EndGlobalSection
	GlobalSection(SolutionProperties) = preSolution
		HideSolutionNode = FALSE
	EndGlobalSection
	GlobalSection(ExtensibilityGlobals) = postSolution
		SolutionGuid = {BC4435F1-0B58-4474-B0B1-68F1EDAD8969}
	EndGlobalSection
EndGlobal
